
Microsoft Visual Studio Solution File, Format Version 12.00
# Visual Studio 14
VisualStudioVersion = 14.0.25420.1
MinimumVisualStudioVersion = 10.0.40219.1
Project("{2150E333-8FDC-42A3-9474-1A3956D46DE8}") = "1 - Data", "1 - Data", "{C5C2290C-7EA0-4606-9CAA-565EAB3A863C}"
EndProject
Project("{2150E333-8FDC-42A3-9474-1A3956D46DE8}") = "2 - API", "2 - API", "{4CC2B888-B4CA-4E49-9A16-94AF500675D0}"
EndProject
Project("{2150E333-8FDC-42A3-9474-1A3956D46DE8}") = "3 - Website", "3 - Website", "{A76D1BE6-B7A6-43AA-8DAF-F83356CABC66}"
EndProject
Project("{8BB2217D-0F2D-49D1-97BC-3654ED321F3B}") = "BasicAuth.Models", "BasicAuth.Models\BasicAuth.Models.xproj", "{3CA81AEA-B132-40A3-9640-4609114C401D}"
EndProject
Project("{8BB2217D-0F2D-49D1-97BC-3654ED321F3B}") = "BasicAuth.Repositories", "BasicAuth.Repositories\BasicAuth.Repositories.xproj", "{D6F4B2FF-FA9E-4F0B-B1AF-341462F0B5C1}"
EndProject
Project("{8BB2217D-0F2D-49D1-97BC-3654ED321F3B}") = "BasicAuth.Database", "BasicAuth.Database\BasicAuth.Database.xproj", "{53396370-D6BA-4DE8-85E8-A0C8A2CEB6ED}"
EndProject
Project("{8BB2217D-0F2D-49D1-97BC-3654ED321F3B}") = "BasicAuth.Database.Migrations", "BasicAuth.Database.Migrations\BasicAuth.Database.Migrations.xproj", "{54B449A7-AF8F-4A44-B8A4-50089B1E9FAF}"
EndProject
Project("{8BB2217D-0F2D-49D1-97BC-3654ED321F3B}") = "BasicAuth.API.Requests", "BasicAuth.API.Requests\BasicAuth.API.Requests.xproj", "{4214F915-1B49-45D6-812B-C0D0792DE750}"
EndProject
Project("{8BB2217D-0F2D-49D1-97BC-3654ED321F3B}") = "BasicAuth.DTO", "BasicAuth.DTO\BasicAuth.DTO.xproj", "{B9903761-A3ED-4382-9C0B-3ED2D64DE253}"
EndProject
Project("{8BB2217D-0F2D-49D1-97BC-3654ED321F3B}") = "BasicAuth.API", "BasicAuth.API\BasicAuth.API.xproj", "{DEEA3BE0-A5A9-4CD7-B5A5-20AD3FEEEAC6}"
EndProject
Project("{8BB2217D-0F2D-49D1-97BC-3654ED321F3B}") = "BasicAuth.Website", "BasicAuth.Website\BasicAuth.Website.xproj", "{03AB2752-2EFB-41B2-9EEE-207B102FB6AF}"
EndProject
Global
	GlobalSection(SolutionConfigurationPlatforms) = preSolution
		Debug|Any CPU = Debug|Any CPU
		Release|Any CPU = Release|Any CPU
	EndGlobalSection
	GlobalSection(ProjectConfigurationPlatforms) = postSolution
		{3CA81AEA-B132-40A3-9640-4609114C401D}.Debug|Any CPU.ActiveCfg = Debug|Any CPU
		{3CA81AEA-B132-40A3-9640-4609114C401D}.Debug|Any CPU.Build.0 = Debug|Any CPU
		{3CA81AEA-B132-40A3-9640-4609114C401D}.Release|Any CPU.ActiveCfg = Release|Any CPU
		{3CA81AEA-B132-40A3-9640-4609114C401D}.Release|Any CPU.Build.0 = Release|Any CPU
		{D6F4B2FF-FA9E-4F0B-B1AF-341462F0B5C1}.Debug|Any CPU.ActiveCfg = Debug|Any CPU
		{D6F4B2FF-FA9E-4F0B-B1AF-341462F0B5C1}.Debug|Any CPU.Build.0 = Debug|Any CPU
		{D6F4B2FF-FA9E-4F0B-B1AF-341462F0B5C1}.Release|Any CPU.ActiveCfg = Release|Any CPU
		{D6F4B2FF-FA9E-4F0B-B1AF-341462F0B5C1}.Release|Any CPU.Build.0 = Release|Any CPU
		{53396370-D6BA-4DE8-85E8-A0C8A2CEB6ED}.Debug|Any CPU.ActiveCfg = Debug|Any CPU
		{53396370-D6BA-4DE8-85E8-A0C8A2CEB6ED}.Debug|Any CPU.Build.0 = Debug|Any CPU
		{53396370-D6BA-4DE8-85E8-A0C8A2CEB6ED}.Release|Any CPU.ActiveCfg = Release|Any CPU
		{53396370-D6BA-4DE8-85E8-A0C8A2CEB6ED}.Release|Any CPU.Build.0 = Release|Any CPU
		{54B449A7-AF8F-4A44-B8A4-50089B1E9FAF}.Debug|Any CPU.ActiveCfg = Debug|Any CPU
		{54B449A7-AF8F-4A44-B8A4-50089B1E9FAF}.Debug|Any CPU.Build.0 = Debug|Any CPU
		{54B449A7-AF8F-4A44-B8A4-50089B1E9FAF}.Release|Any CPU.ActiveCfg = Release|Any CPU
		{54B449A7-AF8F-4A44-B8A4-50089B1E9FAF}.Release|Any CPU.Build.0 = Release|Any CPU
		{4214F915-1B49-45D6-812B-C0D0792DE750}.Debug|Any CPU.ActiveCfg = Debug|Any CPU
		{4214F915-1B49-45D6-812B-C0D0792DE750}.Debug|Any CPU.Build.0 = Debug|Any CPU
		{4214F915-1B49-45D6-812B-C0D0792DE750}.Release|Any CPU.ActiveCfg = Release|Any CPU
		{4214F915-1B49-45D6-812B-C0D0792DE750}.Release|Any CPU.Build.0 = Release|Any CPU
		{B9903761-A3ED-4382-9C0B-3ED2D64DE253}.Debug|Any CPU.ActiveCfg = Debug|Any CPU
		{B9903761-A3ED-4382-9C0B-3ED2D64DE253}.Debug|Any CPU.Build.0 = Debug|Any CPU
		{B9903761-A3ED-4382-9C0B-3ED2D64DE253}.Release|Any CPU.ActiveCfg = Release|Any CPU
		{B9903761-A3ED-4382-9C0B-3ED2D64DE253}.Release|Any CPU.Build.0 = Release|Any CPU
		{DEEA3BE0-A5A9-4CD7-B5A5-20AD3FEEEAC6}.Debug|Any CPU.ActiveCfg = Debug|Any CPU
		{DEEA3BE0-A5A9-4CD7-B5A5-20AD3FEEEAC6}.Debug|Any CPU.Build.0 = Debug|Any CPU
		{DEEA3BE0-A5A9-4CD7-B5A5-20AD3FEEEAC6}.Release|Any CPU.ActiveCfg = Release|Any CPU
		{DEEA3BE0-A5A9-4CD7-B5A5-20AD3FEEEAC6}.Release|Any CPU.Build.0 = Release|Any CPU
		{03AB2752-2EFB-41B2-9EEE-207B102FB6AF}.Debug|Any CPU.ActiveCfg = Debug|Any CPU
		{03AB2752-2EFB-41B2-9EEE-207B102FB6AF}.Debug|Any CPU.Build.0 = Debug|Any CPU
		{03AB2752-2EFB-41B2-9EEE-207B102FB6AF}.Release|Any CPU.ActiveCfg = Release|Any CPU
		{03AB2752-2EFB-41B2-9EEE-207B102FB6AF}.Release|Any CPU.Build.0 = Release|Any CPU
	EndGlobalSection
	GlobalSection(SolutionProperties) = preSolution
		HideSolutionNode = FALSE
	EndGlobalSection
	GlobalSection(NestedProjects) = preSolution
		{3CA81AEA-B132-40A3-9640-4609114C401D} = {C5C2290C-7EA0-4606-9CAA-565EAB3A863C}
		{D6F4B2FF-FA9E-4F0B-B1AF-341462F0B5C1} = {C5C2290C-7EA0-4606-9CAA-565EAB3A863C}
		{53396370-D6BA-4DE8-85E8-A0C8A2CEB6ED} = {C5C2290C-7EA0-4606-9CAA-565EAB3A863C}
		{54B449A7-AF8F-4A44-B8A4-50089B1E9FAF} = {C5C2290C-7EA0-4606-9CAA-565EAB3A863C}
		{4214F915-1B49-45D6-812B-C0D0792DE750} = {4CC2B888-B4CA-4E49-9A16-94AF500675D0}
		{B9903761-A3ED-4382-9C0B-3ED2D64DE253} = {C5C2290C-7EA0-4606-9CAA-565EAB3A863C}
		{DEEA3BE0-A5A9-4CD7-B5A5-20AD3FEEEAC6} = {4CC2B888-B4CA-4E49-9A16-94AF500675D0}
		{03AB2752-2EFB-41B2-9EEE-207B102FB6AF} = {A76D1BE6-B7A6-43AA-8DAF-F83356CABC66}
	EndGlobalSection
EndGlobal
